// !$*UTF8*$!
{
	archiveVersion = 1;
	classes = {
	};
	objectVersion = 46;
	objects = {

/* Begin PBXAggregateTarget section */
		22002BF3F3294AD19B4595B4 /* ALL_BUILD */ = {
			isa = PBXAggregateTarget;
			buildConfigurationList = 751FC19DCB6A4A389FA0CE82 /* Build configuration list for PBXAggregateTarget "ALL_BUILD" */;
			buildPhases = (
				85C723F8BF634CCA8BF44B55 /* CMake Rules */,
			);
			dependencies = (
				8D65D6935FB84F3997DF0EEE /* PBXTargetDependency */,
				5C67B5997F4E46E88C273C9F /* PBXTargetDependency */,
			);
			name = ALL_BUILD;
			productName = ALL_BUILD;
		};
		7C8CB37312A64A79910DA0FB /* ZERO_CHECK */ = {
			isa = PBXAggregateTarget;
			buildConfigurationList = 4108675D51634DFF93371FFA /* Build configuration list for PBXAggregateTarget "ZERO_CHECK" */;
			buildPhases = (
				DB64D4E3F8344A88BC428E2E /* CMake Rules */,
			);
			dependencies = (
			);
			name = ZERO_CHECK;
			productName = ZERO_CHECK;
		};
/* End PBXAggregateTarget section */

/* Begin PBXBuildFile section */
		4A2EAA1CF9A84E59BC6450E6 /* /Users/sclegg/Self Driving Car/Term 2/CarND-PID-Control-Project/src/json.hpp */ = {isa = PBXBuildFile; fileRef = 1B80B18B9EB94FE9B41E4731 /* /Users/sclegg/Self Driving Car/Term 2/CarND-PID-Control-Project/src/json.hpp */; };
		4CDEC469306A46389945B626 /* /Users/sclegg/Self Driving Car/Term 2/CarND-PID-Control-Project/src/PID.cpp */ = {isa = PBXBuildFile; fileRef = 928F01D3B0104721B408C1A4 /* /Users/sclegg/Self Driving Car/Term 2/CarND-PID-Control-Project/src/PID.cpp */; };
		5137169046C5416F8F509541 /* /Users/sclegg/Self Driving Car/Term 2/CarND-PID-Control-Project/src/main.cpp */ = {isa = PBXBuildFile; fileRef = 04E9EF8E76744FA784FF700E /* /Users/sclegg/Self Driving Car/Term 2/CarND-PID-Control-Project/src/main.cpp */; };
		5DA37D4DB1B04B4B85911319 /* /Users/sclegg/Self Driving Car/Term 2/CarND-PID-Control-Project/src/PID.h */ = {isa = PBXBuildFile; fileRef = 7D4ADB3C305A4F62A058F259 /* /Users/sclegg/Self Driving Car/Term 2/CarND-PID-Control-Project/src/PID.h */; };
		E3E8FAA23F684B76BC0EAB27 /* /Users/sclegg/Self Driving Car/Term 2/CarND-PID-Control-Project/CMakeLists.txt */ = {isa = PBXBuildFile; fileRef = 441B7795F5824C629E018436 /* /Users/sclegg/Self Driving Car/Term 2/CarND-PID-Control-Project/CMakeLists.txt */; };
/* End PBXBuildFile section */

/* Begin PBXBuildStyle section */
		15086FBE2F4C4B42971E25ED /* RelWithDebInfo */ = {
			isa = PBXBuildStyle;
			buildSettings = {
				COPY_PHASE_STRIP = NO;
			};
			name = RelWithDebInfo;
		};
		E2E0EAC2ACBC4EF78696B4E1 /* Debug */ = {
			isa = PBXBuildStyle;
			buildSettings = {
				COPY_PHASE_STRIP = NO;
			};
			name = Debug;
		};
		E6C1A141CF9F49678765D740 /* Release */ = {
			isa = PBXBuildStyle;
			buildSettings = {
				COPY_PHASE_STRIP = NO;
			};
			name = Release;
		};
		F68CDB61D09B4EAC9378C6A7 /* MinSizeRel */ = {
			isa = PBXBuildStyle;
			buildSettings = {
				COPY_PHASE_STRIP = NO;
			};
			name = MinSizeRel;
		};
/* End PBXBuildStyle section */

/* Begin PBXContainerItemProxy section */
		4431EB4FC05042089F40784D /* PBXContainerItemProxy */ = {
			isa = PBXContainerItemProxy;
			containerPortal = 01A6CB2DC67E42DEAF45BF78 /* Project object */;
			proxyType = 1;
			remoteGlobalIDString = 7C8CB37312A64A79910DA0FB;
			remoteInfo = ZERO_CHECK;
		};
		C92596451CC441F3A17F671D /* PBXContainerItemProxy */ = {
			isa = PBXContainerItemProxy;
			containerPortal = 01A6CB2DC67E42DEAF45BF78 /* Project object */;
			proxyType = 1;
			remoteGlobalIDString = 7C8CB37312A64A79910DA0FB;
			remoteInfo = ZERO_CHECK;
		};
		FB53979EFC474A15BE35D9CA /* PBXContainerItemProxy */ = {
			isa = PBXContainerItemProxy;
			containerPortal = 01A6CB2DC67E42DEAF45BF78 /* Project object */;
			proxyType = 1;
			remoteGlobalIDString = FE026C3998C44469BD536B9B;
			remoteInfo = pid;
		};
/* End PBXContainerItemProxy section */

/* Begin PBXFileReference section */
		04E9EF8E76744FA784FF700E /* /Users/sclegg/Self Driving Car/Term 2/CarND-PID-Control-Project/src/main.cpp */ = {isa = PBXFileReference; explicitFileType = sourcecode.cpp.cpp; fileEncoding = 4; name = main.cpp; path = src/main.cpp; sourceTree = SOURCE_ROOT; };
		092AC71251334A24B10DEDF1 /* /Users/sclegg/Self Driving Car/Term 2/CarND-PID-Control-Project/CMakeLists.txt */ = {isa = PBXFileReference; explicitFileType = sourcecode.text; fileEncoding = 4; name = CMakeLists.txt; path = CMakeLists.txt; sourceTree = SOURCE_ROOT; };
		1B80B18B9EB94FE9B41E4731 /* /Users/sclegg/Self Driving Car/Term 2/CarND-PID-Control-Project/src/json.hpp */ = {isa = PBXFileReference; explicitFileType = sourcecode.cpp.h; fileEncoding = 4; name = json.hpp; path = src/json.hpp; sourceTree = SOURCE_ROOT; };
		224A08CF2C5846A981EE31BD /* /Users/sclegg/Self Driving Car/Term 2/CarND-PID-Control-Project/CMakeLists.txt */ = {isa = PBXFileReference; explicitFileType = sourcecode.text; fileEncoding = 4; name = CMakeLists.txt; path = CMakeLists.txt; sourceTree = SOURCE_ROOT; };
		441B7795F5824C629E018436 /* /Users/sclegg/Self Driving Car/Term 2/CarND-PID-Control-Project/CMakeLists.txt */ = {isa = PBXFileReference; explicitFileType = sourcecode.text; fileEncoding = 4; name = CMakeLists.txt; path = CMakeLists.txt; sourceTree = SOURCE_ROOT; };
		7D4ADB3C305A4F62A058F259 /* /Users/sclegg/Self Driving Car/Term 2/CarND-PID-Control-Project/src/PID.h */ = {isa = PBXFileReference; explicitFileType = sourcecode.c.h; fileEncoding = 4; name = PID.h; path = src/PID.h; sourceTree = SOURCE_ROOT; };
		90BBC7FF0AFE4639A4F780E1 /* pid */ = {isa = PBXFileReference; explicitFileType = "compiled.mach-o.executable"; path = pid; sourceTree = BUILT_PRODUCTS_DIR; };
		928F01D3B0104721B408C1A4 /* /Users/sclegg/Self Driving Car/Term 2/CarND-PID-Control-Project/src/PID.cpp */ = {isa = PBXFileReference; explicitFileType = sourcecode.cpp.cpp; fileEncoding = 4; name = PID.cpp; path = src/PID.cpp; sourceTree = SOURCE_ROOT; };
/* End PBXFileReference section */

/* Begin PBXGroup section */
		0DF1C26BBC7C4865BA1B6814 /* pid */ = {
			isa = PBXGroup;
			children = (
				52FC594BF0ED4C43B0B00EA6 /* Source Files */,
				9BDC2354689E431C9B93542D /* Header Files */,
				441B7795F5824C629E018436 /* /Users/sclegg/Self Driving Car/Term 2/CarND-PID-Control-Project/CMakeLists.txt */,
			);
			name = pid;
			sourceTree = "<group>";
		};
		16EA40E3A3FC4DFE88781F4B /* Products */ = {
			isa = PBXGroup;
			children = (
				90BBC7FF0AFE4639A4F780E1 /* pid */,
			);
			name = Products;
			sourceTree = "<group>";
		};
		245001AC16064CF99063CF2C /* CMake Rules */ = {
			isa = PBXGroup;
			children = (
			);
			name = "CMake Rules";
			sourceTree = "<group>";
		};
		380255603E4A44B7907B3FFE = {
			isa = PBXGroup;
			children = (
				0DF1C26BBC7C4865BA1B6814 /* pid */,
				552E4C898AA44C0CA329258F /* ALL_BUILD */,
				6677D2A17BAA4E28A675801F /* ZERO_CHECK */,
				16EA40E3A3FC4DFE88781F4B /* Products */,
			);
			sourceTree = "<group>";
		};
		52FC594BF0ED4C43B0B00EA6 /* Source Files */ = {
			isa = PBXGroup;
			children = (
				928F01D3B0104721B408C1A4 /* /Users/sclegg/Self Driving Car/Term 2/CarND-PID-Control-Project/src/PID.cpp */,
				04E9EF8E76744FA784FF700E /* /Users/sclegg/Self Driving Car/Term 2/CarND-PID-Control-Project/src/main.cpp */,
			);
			name = "Source Files";
			sourceTree = "<group>";
		};
		552E4C898AA44C0CA329258F /* ALL_BUILD */ = {
			isa = PBXGroup;
			children = (
				245001AC16064CF99063CF2C /* CMake Rules */,
				224A08CF2C5846A981EE31BD /* /Users/sclegg/Self Driving Car/Term 2/CarND-PID-Control-Project/CMakeLists.txt */,
			);
			name = ALL_BUILD;
			sourceTree = "<group>";
		};
		5C221864BC804490A0035693 /* CMake Rules */ = {
			isa = PBXGroup;
			children = (
			);
			name = "CMake Rules";
			sourceTree = "<group>";
		};
		6677D2A17BAA4E28A675801F /* ZERO_CHECK */ = {
			isa = PBXGroup;
			children = (
				5C221864BC804490A0035693 /* CMake Rules */,
				092AC71251334A24B10DEDF1 /* /Users/sclegg/Self Driving Car/Term 2/CarND-PID-Control-Project/CMakeLists.txt */,
			);
			name = ZERO_CHECK;
			sourceTree = "<group>";
		};
		9BDC2354689E431C9B93542D /* Header Files */ = {
			isa = PBXGroup;
			children = (
				7D4ADB3C305A4F62A058F259 /* /Users/sclegg/Self Driving Car/Term 2/CarND-PID-Control-Project/src/PID.h */,
				1B80B18B9EB94FE9B41E4731 /* /Users/sclegg/Self Driving Car/Term 2/CarND-PID-Control-Project/src/json.hpp */,
			);
			name = "Header Files";
			sourceTree = "<group>";
		};
/* End PBXGroup section */

/* Begin PBXNativeTarget section */
		FE026C3998C44469BD536B9B /* pid */ = {
			isa = PBXNativeTarget;
			buildConfigurationList = 81F8F7C4FB73452A8AF7EC61 /* Build configuration list for PBXNativeTarget "pid" */;
			buildPhases = (
				864378843B564876941D0F54 /* Sources */,
			);
			buildRules = (
			);
			dependencies = (
				09972179E72842EBA1B2CE90 /* PBXTargetDependency */,
			);
			name = pid;
			productName = pid;
			productReference = 90BBC7FF0AFE4639A4F780E1 /* pid */;
			productType = "com.apple.product-type.tool";
		};
/* End PBXNativeTarget section */

/* Begin PBXProject section */
		01A6CB2DC67E42DEAF45BF78 /* Project object */ = {
			isa = PBXProject;
			attributes = {
				BuildIndependentTargetsInParallel = YES;
				LastUpgradeCheck = 0910;
			};
			buildConfigurationList = DE8E10EFEBD5424293911875 /* Build configuration list for PBXProject "PID" */;
			buildSettings = {
			};
			buildStyles = (
				E2E0EAC2ACBC4EF78696B4E1 /* Debug */,
				E6C1A141CF9F49678765D740 /* Release */,
				F68CDB61D09B4EAC9378C6A7 /* MinSizeRel */,
				15086FBE2F4C4B42971E25ED /* RelWithDebInfo */,
			);
			compatibilityVersion = "Xcode 3.2";
			hasScannedForEncodings = 0;
			mainGroup = 380255603E4A44B7907B3FFE;
			projectDirPath = ../;
			projectRoot = "";
			targets = (
				22002BF3F3294AD19B4595B4 /* ALL_BUILD */,
				7C8CB37312A64A79910DA0FB /* ZERO_CHECK */,
				FE026C3998C44469BD536B9B /* pid */,
			);
		};
/* End PBXProject section */

/* Begin PBXShellScriptBuildPhase section */
		6913470255D04F8881DCE1DD = {
			isa = PBXShellScriptBuildPhase;
			buildActionMask = 2147483647;
			files = (
			);
			inputPaths = (
			);
			outputPaths = (
			);
			runOnlyForDeploymentPostprocessing = 0;
			shellPath = /bin/sh;
			shellScript = "# shell script goes here
exit 0";
			showEnvVarsInLog = 0;
		};
		7C5F0F5120B740708CF4927B = {
			isa = PBXShellScriptBuildPhase;
			buildActionMask = 2147483647;
			files = (
			);
			inputPaths = (
			);
			outputPaths = (
			);
			runOnlyForDeploymentPostprocessing = 0;
			shellPath = /bin/sh;
			shellScript = "# shell script goes here
exit 0";
			showEnvVarsInLog = 0;
		};
		85C723F8BF634CCA8BF44B55 /* CMake Rules */ = {
			isa = PBXShellScriptBuildPhase;
			buildActionMask = 2147483647;
			files = (
			);
			name = "CMake Rules";
			runOnlyForDeploymentPostprocessing = 0;
			shellPath = /bin/sh;
			shellScript = "make -C /Users/sclegg/Self\\ Driving\\ Car/Term\\ 2/CarND-PID-Control-Project/xcode -f /Users/sclegg/Self\\ Driving\\ Car/Term\\ 2/CarND-PID-Control-Project/xcode/CMakeScripts/ALL_BUILD_cmakeRulesBuildPhase.make$CONFIGURATION all";
			showEnvVarsInLog = 0;
		};
		DB64D4E3F8344A88BC428E2E /* CMake Rules */ = {
			isa = PBXShellScriptBuildPhase;
			buildActionMask = 2147483647;
			files = (
			);
			name = "CMake Rules";
			runOnlyForDeploymentPostprocessing = 0;
			shellPath = /bin/sh;
			shellScript = "make -C /Users/sclegg/Self\\ Driving\\ Car/Term\\ 2/CarND-PID-Control-Project/xcode -f /Users/sclegg/Self\\ Driving\\ Car/Term\\ 2/CarND-PID-Control-Project/xcode/CMakeScripts/ZERO_CHECK_cmakeRulesBuildPhase.make$CONFIGURATION all";
			showEnvVarsInLog = 0;
		};
/* End PBXShellScriptBuildPhase section */

/* Begin PBXSourcesBuildPhase section */
		864378843B564876941D0F54 /* Sources */ = {
			isa = PBXSourcesBuildPhase;
			buildActionMask = 2147483647;
			files = (
				4CDEC469306A46389945B626 /* /Users/sclegg/Self Driving Car/Term 2/CarND-PID-Control-Project/src/PID.cpp */,
				5137169046C5416F8F509541 /* /Users/sclegg/Self Driving Car/Term 2/CarND-PID-Control-Project/src/main.cpp */,
			);
			runOnlyForDeploymentPostprocessing = 0;
		};
/* End PBXSourcesBuildPhase section */

/* Begin PBXTargetDependency section */
		09972179E72842EBA1B2CE90 /* PBXTargetDependency */ = {
			isa = PBXTargetDependency;
			target = 7C8CB37312A64A79910DA0FB /* ZERO_CHECK */;
			targetProxy = C92596451CC441F3A17F671D /* PBXContainerItemProxy */;
		};
		5C67B5997F4E46E88C273C9F /* PBXTargetDependency */ = {
			isa = PBXTargetDependency;
			target = 7C8CB37312A64A79910DA0FB /* ZERO_CHECK */;
			targetProxy = 4431EB4FC05042089F40784D /* PBXContainerItemProxy */;
		};
		8D65D6935FB84F3997DF0EEE /* PBXTargetDependency */ = {
			isa = PBXTargetDependency;
			target = FE026C3998C44469BD536B9B /* pid */;
			targetProxy = FB53979EFC474A15BE35D9CA /* PBXContainerItemProxy */;
		};
/* End PBXTargetDependency section */

/* Begin XCBuildConfiguration section */
		0489984CE3AD47ABA0DC8B6A /* MinSizeRel */ = {
			isa = XCBuildConfiguration;
			buildSettings = {
				COMBINE_HIDPI_IMAGES = YES;
				EXECUTABLE_PREFIX = "";
				EXECUTABLE_SUFFIX = "";
				GCC_GENERATE_DEBUGGING_SYMBOLS = NO;
				GCC_INLINES_ARE_PRIVATE_EXTERN = NO;
				GCC_OPTIMIZATION_LEVEL = s;
				GCC_PREPROCESSOR_DEFINITIONS = ("'CMAKE_INTDIR=\"$(CONFIGURATION)$(EFFECTIVE_PLATFORM_NAME)\"'");
				GCC_SYMBOLS_PRIVATE_EXTERN = NO;
				HEADER_SEARCH_PATHS = (/usr/local/include,/usr/local/opt/openssl/include);
				INSTALL_PATH = "";
				LD_RUNPATH_SEARCH_PATHS = "/usr/local/lib /usr/local/opt/openssl/lib /usr/local/Cellar/libuv/1.15.0/lib";
				LIBRARY_SEARCH_PATHS = " /usr/local/lib/$(CONFIGURATION)$(EFFECTIVE_PLATFORM_NAME) /usr/local/lib /usr/local/opt/openssl/lib/$(CONFIGURATION)$(EFFECTIVE_PLATFORM_NAME) /usr/local/opt/openssl/lib /usr/local/Cellar/libuv/1.15.0/lib/$(CONFIGURATION)$(EFFECTIVE_PLATFORM_NAME) /usr/local/Cellar/libuv/1.15.0/lib";
				OTHER_CPLUSPLUSFLAGS = "-Wall     -DNDEBUG   -std=c++11";
				OTHER_LDFLAGS = " -Wl,-search_paths_first -Wl,-headerpad_max_install_names  -lz -lssl -luv -luWS";
				OTHER_REZFLAGS = "";
				PRODUCT_NAME = pid;
				SECTORDER_FLAGS = "";
				SYMROOT = "/Users/sclegg/Self Driving Car/Term 2/CarND-PID-Control-Project/xcode";
				USE_HEADERMAP = NO;
				WARNING_CFLAGS = ("-Wmost","-Wno-four-char-constants","-Wno-unknown-pragmas","$(inherited)");
			};
			name = MinSizeRel;
		};
		060D028D7D0B49FE951DA42A /* RelWithDebInfo */ = {
			isa = XCBuildConfiguration;
			buildSettings = {
				ONLY_ACTIVE_ARCH = YES;
				SDKROOT = /Applications/Xcode.app/Contents/Developer/Platforms/MacOSX.platform/Developer/SDKs/MacOSX10.13.sdk;
				SYMROOT = "/Users/sclegg/Self Driving Car/Term 2/CarND-PID-Control-Project/xcode/build";
			};
			name = RelWithDebInfo;
		};
		13C953C656C34E208DE86BC3 /* MinSizeRel */ = {
			isa = XCBuildConfiguration;
			buildSettings = {
				COMBINE_HIDPI_IMAGES = YES;
				GCC_GENERATE_DEBUGGING_SYMBOLS = YES;
				GCC_INLINES_ARE_PRIVATE_EXTERN = NO;
				GCC_OPTIMIZATION_LEVEL = 0;
				GCC_PREPROCESSOR_DEFINITIONS = ("'CMAKE_INTDIR=\"$(CONFIGURATION)$(EFFECTIVE_PLATFORM_NAME)\"'");
				GCC_SYMBOLS_PRIVATE_EXTERN = NO;
				HEADER_SEARCH_PATHS = (/usr/local/include,/usr/local/opt/openssl/include);
				INSTALL_PATH = "";
				OTHER_LDFLAGS = " ";
				OTHER_REZFLAGS = "";
				PRODUCT_NAME = ALL_BUILD;
				SECTORDER_FLAGS = "";
				SYMROOT = "/Users/sclegg/Self Driving Car/Term 2/CarND-PID-Control-Project/xcode";
				USE_HEADERMAP = NO;
				WARNING_CFLAGS = ("-Wmost","-Wno-four-char-constants","-Wno-unknown-pragmas","$(inherited)");
			};
			name = MinSizeRel;
		};
		2422CA83FC4548DA9D6A445B /* Release */ = {
			isa = XCBuildConfiguration;
			buildSettings = {
				COMBINE_HIDPI_IMAGES = YES;
				GCC_GENERATE_DEBUGGING_SYMBOLS = YES;
				GCC_INLINES_ARE_PRIVATE_EXTERN = NO;
				GCC_OPTIMIZATION_LEVEL = 0;
				GCC_PREPROCESSOR_DEFINITIONS = ("'CMAKE_INTDIR=\"$(CONFIGURATION)$(EFFECTIVE_PLATFORM_NAME)\"'");
				GCC_SYMBOLS_PRIVATE_EXTERN = NO;
				HEADER_SEARCH_PATHS = (/usr/local/include,/usr/local/opt/openssl/include);
				INSTALL_PATH = "";
				OTHER_LDFLAGS = " ";
				OTHER_REZFLAGS = "";
				PRODUCT_NAME = ZERO_CHECK;
				SECTORDER_FLAGS = "";
				SYMROOT = "/Users/sclegg/Self Driving Car/Term 2/CarND-PID-Control-Project/xcode";
				USE_HEADERMAP = NO;
				WARNING_CFLAGS = ("-Wmost","-Wno-four-char-constants","-Wno-unknown-pragmas","$(inherited)");
			};
			name = Release;
		};
		2C0D353623E44FF983E9F7DD /* Debug */ = {
			isa = XCBuildConfiguration;
			buildSettings = {
				COMBINE_HIDPI_IMAGES = YES;
				GCC_GENERATE_DEBUGGING_SYMBOLS = YES;
				GCC_INLINES_ARE_PRIVATE_EXTERN = NO;
				GCC_OPTIMIZATION_LEVEL = 0;
				GCC_PREPROCESSOR_DEFINITIONS = ("'CMAKE_INTDIR=\"$(CONFIGURATION)$(EFFECTIVE_PLATFORM_NAME)\"'");
				GCC_SYMBOLS_PRIVATE_EXTERN = NO;
				HEADER_SEARCH_PATHS = (/usr/local/include,/usr/local/opt/openssl/include);
				INSTALL_PATH = "";
				OTHER_LDFLAGS = " ";
				OTHER_REZFLAGS = "";
				PRODUCT_NAME = ZERO_CHECK;
				SECTORDER_FLAGS = "";
				SYMROOT = "/Users/sclegg/Self Driving Car/Term 2/CarND-PID-Control-Project/xcode";
				USE_HEADERMAP = NO;
				WARNING_CFLAGS = ("-Wmost","-Wno-four-char-constants","-Wno-unknown-pragmas","$(inherited)");
			};
			name = Debug;
		};
		468211AEBBBE4844B8D8751C /* Release */ = {
			isa = XCBuildConfiguration;
			buildSettings = {
				COMBINE_HIDPI_IMAGES = YES;
				GCC_GENERATE_DEBUGGING_SYMBOLS = YES;
				GCC_INLINES_ARE_PRIVATE_EXTERN = NO;
				GCC_OPTIMIZATION_LEVEL = 0;
				GCC_PREPROCESSOR_DEFINITIONS = ("'CMAKE_INTDIR=\"$(CONFIGURATION)$(EFFECTIVE_PLATFORM_NAME)\"'");
				GCC_SYMBOLS_PRIVATE_EXTERN = NO;
				HEADER_SEARCH_PATHS = (/usr/local/include,/usr/local/opt/openssl/include);
				INSTALL_PATH = "";
				OTHER_LDFLAGS = " ";
				OTHER_REZFLAGS = "";
				PRODUCT_NAME = ALL_BUILD;
				SECTORDER_FLAGS = "";
				SYMROOT = "/Users/sclegg/Self Driving Car/Term 2/CarND-PID-Control-Project/xcode";
				USE_HEADERMAP = NO;
				WARNING_CFLAGS = ("-Wmost","-Wno-four-char-constants","-Wno-unknown-pragmas","$(inherited)");
			};
			name = Release;
		};
		4B4DBBD5D65A4E2DBB837136 /* Debug */ = {
			isa = XCBuildConfiguration;
			buildSettings = {
				COMBINE_HIDPI_IMAGES = YES;
				GCC_GENERATE_DEBUGGING_SYMBOLS = YES;
				GCC_INLINES_ARE_PRIVATE_EXTERN = NO;
				GCC_OPTIMIZATION_LEVEL = 0;
				GCC_PREPROCESSOR_DEFINITIONS = ("'CMAKE_INTDIR=\"$(CONFIGURATION)$(EFFECTIVE_PLATFORM_NAME)\"'");
				GCC_SYMBOLS_PRIVATE_EXTERN = NO;
				HEADER_SEARCH_PATHS = (/usr/local/include,/usr/local/opt/openssl/include);
				INSTALL_PATH = "";
				OTHER_LDFLAGS = " ";
				OTHER_REZFLAGS = "";
				PRODUCT_NAME = ALL_BUILD;
				SECTORDER_FLAGS = "";
				SYMROOT = "/Users/sclegg/Self Driving Car/Term 2/CarND-PID-Control-Project/xcode";
				USE_HEADERMAP = NO;
				WARNING_CFLAGS = ("-Wmost","-Wno-four-char-constants","-Wno-unknown-pragmas","$(inherited)");
			};
			name = Debug;
		};
		5DC78F6AE71B48B0A9EC514C /* RelWithDebInfo */ = {
			isa = XCBuildConfiguration;
			buildSettings = {
				COMBINE_HIDPI_IMAGES = YES;
				EXECUTABLE_PREFIX = "";
				EXECUTABLE_SUFFIX = "";
				GCC_GENERATE_DEBUGGING_SYMBOLS = YES;
				GCC_INLINES_ARE_PRIVATE_EXTERN = NO;
				GCC_OPTIMIZATION_LEVEL = 2;
				GCC_PREPROCESSOR_DEFINITIONS = ("'CMAKE_INTDIR=\"$(CONFIGURATION)$(EFFECTIVE_PLATFORM_NAME)\"'");
				GCC_SYMBOLS_PRIVATE_EXTERN = NO;
				HEADER_SEARCH_PATHS = (/usr/local/include,/usr/local/opt/openssl/include);
				INSTALL_PATH = "";
				LD_RUNPATH_SEARCH_PATHS = "/usr/local/lib /usr/local/opt/openssl/lib /usr/local/Cellar/libuv/1.15.0/lib";
				LIBRARY_SEARCH_PATHS = " /usr/local/lib/$(CONFIGURATION)$(EFFECTIVE_PLATFORM_NAME) /usr/local/lib /usr/local/opt/openssl/lib/$(CONFIGURATION)$(EFFECTIVE_PLATFORM_NAME) /usr/local/opt/openssl/lib /usr/local/Cellar/libuv/1.15.0/lib/$(CONFIGURATION)$(EFFECTIVE_PLATFORM_NAME) /usr/local/Cellar/libuv/1.15.0/lib";
				OTHER_CPLUSPLUSFLAGS = "-Wall        -DNDEBUG   -std=c++11";
				OTHER_LDFLAGS = " -Wl,-search_paths_first -Wl,-headerpad_max_install_names  -lz -lssl -luv -luWS";
				OTHER_REZFLAGS = "";
				PRODUCT_NAME = pid;
				SECTORDER_FLAGS = "";
				SYMROOT = "/Users/sclegg/Self Driving Car/Term 2/CarND-PID-Control-Project/xcode";
				USE_HEADERMAP = NO;
				WARNING_CFLAGS = ("-Wmost","-Wno-four-char-constants","-Wno-unknown-pragmas","$(inherited)");
			};
			name = RelWithDebInfo;
		};
		5E9F2348DB1C48EEA2909B88 /* MinSizeRel */ = {
			isa = XCBuildConfiguration;
			buildSettings = {
				COMBINE_HIDPI_IMAGES = YES;
				GCC_GENERATE_DEBUGGING_SYMBOLS = YES;
				GCC_INLINES_ARE_PRIVATE_EXTERN = NO;
				GCC_OPTIMIZATION_LEVEL = 0;
				GCC_PREPROCESSOR_DEFINITIONS = ("'CMAKE_INTDIR=\"$(CONFIGURATION)$(EFFECTIVE_PLATFORM_NAME)\"'");
				GCC_SYMBOLS_PRIVATE_EXTERN = NO;
				HEADER_SEARCH_PATHS = (/usr/local/include,/usr/local/opt/openssl/include);
				INSTALL_PATH = "";
				OTHER_LDFLAGS = " ";
				OTHER_REZFLAGS = "";
				PRODUCT_NAME = ZERO_CHECK;
				SECTORDER_FLAGS = "";
				SYMROOT = "/Users/sclegg/Self Driving Car/Term 2/CarND-PID-Control-Project/xcode";
				USE_HEADERMAP = NO;
				WARNING_CFLAGS = ("-Wmost","-Wno-four-char-constants","-Wno-unknown-pragmas","$(inherited)");
			};
			name = MinSizeRel;
		};
		722F0E3C843548D194A20EBD /* MinSizeRel */ = {
			isa = XCBuildConfiguration;
			buildSettings = {
				ONLY_ACTIVE_ARCH = YES;
				SDKROOT = /Applications/Xcode.app/Contents/Developer/Platforms/MacOSX.platform/Developer/SDKs/MacOSX10.13.sdk;
				SYMROOT = "/Users/sclegg/Self Driving Car/Term 2/CarND-PID-Control-Project/xcode/build";
			};
			name = MinSizeRel;
		};
		786235F232784D7AA3CA394B /* Release */ = {
			isa = XCBuildConfiguration;
			buildSettings = {
				COMBINE_HIDPI_IMAGES = YES;
				EXECUTABLE_PREFIX = "";
				EXECUTABLE_SUFFIX = "";
				GCC_GENERATE_DEBUGGING_SYMBOLS = NO;
				GCC_INLINES_ARE_PRIVATE_EXTERN = NO;
				GCC_OPTIMIZATION_LEVEL = 3;
				GCC_PREPROCESSOR_DEFINITIONS = ("'CMAKE_INTDIR=\"$(CONFIGURATION)$(EFFECTIVE_PLATFORM_NAME)\"'");
				GCC_SYMBOLS_PRIVATE_EXTERN = NO;
				HEADER_SEARCH_PATHS = (/usr/local/include,/usr/local/opt/openssl/include);
				INSTALL_PATH = "";
				LD_RUNPATH_SEARCH_PATHS = "/usr/local/lib /usr/local/opt/openssl/lib /usr/local/Cellar/libuv/1.15.0/lib";
				LIBRARY_SEARCH_PATHS = " /usr/local/lib/$(CONFIGURATION)$(EFFECTIVE_PLATFORM_NAME) /usr/local/lib /usr/local/opt/openssl/lib/$(CONFIGURATION)$(EFFECTIVE_PLATFORM_NAME) /usr/local/opt/openssl/lib /usr/local/Cellar/libuv/1.15.0/lib/$(CONFIGURATION)$(EFFECTIVE_PLATFORM_NAME) /usr/local/Cellar/libuv/1.15.0/lib";
				OTHER_CPLUSPLUSFLAGS = "-Wall     -DNDEBUG   -std=c++11";
				OTHER_LDFLAGS = " -Wl,-search_paths_first -Wl,-headerpad_max_install_names  -lz -lssl -luv -luWS";
				OTHER_REZFLAGS = "";
				PRODUCT_NAME = pid;
				SECTORDER_FLAGS = "";
				SYMROOT = "/Users/sclegg/Self Driving Car/Term 2/CarND-PID-Control-Project/xcode";
				USE_HEADERMAP = NO;
				WARNING_CFLAGS = ("-Wmost","-Wno-four-char-constants","-Wno-unknown-pragmas","$(inherited)");
			};
			name = Release;
		};
		87D1ACDF301A43179D2F1189 /* Release */ = {
			isa = XCBuildConfiguration;
			buildSettings = {
				ONLY_ACTIVE_ARCH = YES;
				SDKROOT = /Applications/Xcode.app/Contents/Developer/Platforms/MacOSX.platform/Developer/SDKs/MacOSX10.13.sdk;
				SYMROOT = "/Users/sclegg/Self Driving Car/Term 2/CarND-PID-Control-Project/xcode/build";
			};
			name = Release;
		};
		905BC50E89BF401D8141C6B2 /* Debug */ = {
			isa = XCBuildConfiguration;
			buildSettings = {
				COMBINE_HIDPI_IMAGES = YES;
				EXECUTABLE_PREFIX = "";
				EXECUTABLE_SUFFIX = "";
				GCC_GENERATE_DEBUGGING_SYMBOLS = YES;
				GCC_INLINES_ARE_PRIVATE_EXTERN = NO;
				GCC_OPTIMIZATION_LEVEL = 0;
				GCC_PREPROCESSOR_DEFINITIONS = ("'CMAKE_INTDIR=\"$(CONFIGURATION)$(EFFECTIVE_PLATFORM_NAME)\"'");
				GCC_SYMBOLS_PRIVATE_EXTERN = NO;
				HEADER_SEARCH_PATHS = (/usr/local/include,/usr/local/opt/openssl/include);
				INSTALL_PATH = "";
				LD_RUNPATH_SEARCH_PATHS = "/usr/local/lib /usr/local/opt/openssl/lib /usr/local/Cellar/libuv/1.15.0/lib";
				LIBRARY_SEARCH_PATHS = " /usr/local/lib/$(CONFIGURATION)$(EFFECTIVE_PLATFORM_NAME) /usr/local/lib /usr/local/opt/openssl/lib/$(CONFIGURATION)$(EFFECTIVE_PLATFORM_NAME) /usr/local/opt/openssl/lib /usr/local/Cellar/libuv/1.15.0/lib/$(CONFIGURATION)$(EFFECTIVE_PLATFORM_NAME) /usr/local/Cellar/libuv/1.15.0/lib";
				OTHER_CPLUSPLUSFLAGS = "-Wall      -std=c++11";
				OTHER_LDFLAGS = " -Wl,-search_paths_first -Wl,-headerpad_max_install_names  -lz -lssl -luv -luWS";
				OTHER_REZFLAGS = "";
				PRODUCT_NAME = pid;
				SECTORDER_FLAGS = "";
				SYMROOT = "/Users/sclegg/Self Driving Car/Term 2/CarND-PID-Control-Project/xcode";
				USE_HEADERMAP = NO;
				WARNING_CFLAGS = ("-Wmost","-Wno-four-char-constants","-Wno-unknown-pragmas","$(inherited)");
			};
			name = Debug;
		};
		914851975FBB44598548ED4F /* Debug */ = {
			isa = XCBuildConfiguration;
			buildSettings = {
				ONLY_ACTIVE_ARCH = YES;
				SDKROOT = /Applications/Xcode.app/Contents/Developer/Platforms/MacOSX.platform/Developer/SDKs/MacOSX10.13.sdk;
				SYMROOT = "/Users/sclegg/Self Driving Car/Term 2/CarND-PID-Control-Project/xcode/build";
			};
			name = Debug;
		};
		BB5146396ED34337AE598719 /* RelWithDebInfo */ = {
			isa = XCBuildConfiguration;
			buildSettings = {
				COMBINE_HIDPI_IMAGES = YES;
				GCC_GENERATE_DEBUGGING_SYMBOLS = YES;
				GCC_INLINES_ARE_PRIVATE_EXTERN = NO;
				GCC_OPTIMIZATION_LEVEL = 0;
				GCC_PREPROCESSOR_DEFINITIONS = ("'CMAKE_INTDIR=\"$(CONFIGURATION)$(EFFECTIVE_PLATFORM_NAME)\"'");
				GCC_SYMBOLS_PRIVATE_EXTERN = NO;
				HEADER_SEARCH_PATHS = (/usr/local/include,/usr/local/opt/openssl/include);
				INSTALL_PATH = "";
				OTHER_LDFLAGS = " ";
				OTHER_REZFLAGS = "";
				PRODUCT_NAME = ALL_BUILD;
				SECTORDER_FLAGS = "";
				SYMROOT = "/Users/sclegg/Self Driving Car/Term 2/CarND-PID-Control-Project/xcode";
				USE_HEADERMAP = NO;
				WARNING_CFLAGS = ("-Wmost","-Wno-four-char-constants","-Wno-unknown-pragmas","$(inherited)");
			};
			name = RelWithDebInfo;
		};
		D43D1438983545EEB74D6D0E /* RelWithDebInfo */ = {
			isa = XCBuildConfiguration;
			buildSettings = {
				COMBINE_HIDPI_IMAGES = YES;
				GCC_GENERATE_DEBUGGING_SYMBOLS = YES;
				GCC_INLINES_ARE_PRIVATE_EXTERN = NO;
				GCC_OPTIMIZATION_LEVEL = 0;
				GCC_PREPROCESSOR_DEFINITIONS = ("'CMAKE_INTDIR=\"$(CONFIGURATION)$(EFFECTIVE_PLATFORM_NAME)\"'");
				GCC_SYMBOLS_PRIVATE_EXTERN = NO;
				HEADER_SEARCH_PATHS = (/usr/local/include,/usr/local/opt/openssl/include);
				INSTALL_PATH = "";
				OTHER_LDFLAGS = " ";
				OTHER_REZFLAGS = "";
				PRODUCT_NAME = ZERO_CHECK;
				SECTORDER_FLAGS = "";
				SYMROOT = "/Users/sclegg/Self Driving Car/Term 2/CarND-PID-Control-Project/xcode";
				USE_HEADERMAP = NO;
				WARNING_CFLAGS = ("-Wmost","-Wno-four-char-constants","-Wno-unknown-pragmas","$(inherited)");
			};
			name = RelWithDebInfo;
		};
/* End XCBuildConfiguration section */

/* Begin XCConfigurationList section */
		4108675D51634DFF93371FFA /* Build configuration list for PBXAggregateTarget "ZERO_CHECK" */ = {
			isa = XCConfigurationList;
			buildConfigurations = (
				2C0D353623E44FF983E9F7DD /* Debug */,
				2422CA83FC4548DA9D6A445B /* Release */,
				5E9F2348DB1C48EEA2909B88 /* MinSizeRel */,
				D43D1438983545EEB74D6D0E /* RelWithDebInfo */,
			);
			defaultConfigurationIsVisible = 0;
			defaultConfigurationName = Debug;
		};
		751FC19DCB6A4A389FA0CE82 /* Build configuration list for PBXAggregateTarget "ALL_BUILD" */ = {
			isa = XCConfigurationList;
			buildConfigurations = (
				4B4DBBD5D65A4E2DBB837136 /* Debug */,
				468211AEBBBE4844B8D8751C /* Release */,
				13C953C656C34E208DE86BC3 /* MinSizeRel */,
				BB5146396ED34337AE598719 /* RelWithDebInfo */,
			);
			defaultConfigurationIsVisible = 0;
			defaultConfigurationName = Debug;
		};
		81F8F7C4FB73452A8AF7EC61 /* Build configuration list for PBXNativeTarget "pid" */ = {
			isa = XCConfigurationList;
			buildConfigurations = (
				905BC50E89BF401D8141C6B2 /* Debug */,
				786235F232784D7AA3CA394B /* Release */,
				0489984CE3AD47ABA0DC8B6A /* MinSizeRel */,
				5DC78F6AE71B48B0A9EC514C /* RelWithDebInfo */,
			);
			defaultConfigurationIsVisible = 0;
			defaultConfigurationName = Debug;
		};
		DE8E10EFEBD5424293911875 /* Build configuration list for PBXProject "PID" */ = {
			isa = XCConfigurationList;
			buildConfigurations = (
				914851975FBB44598548ED4F /* Debug */,
				87D1ACDF301A43179D2F1189 /* Release */,
				722F0E3C843548D194A20EBD /* MinSizeRel */,
				060D028D7D0B49FE951DA42A /* RelWithDebInfo */,
			);
			defaultConfigurationIsVisible = 0;
			defaultConfigurationName = Debug;
		};
/* End XCConfigurationList section */
	};
	rootObject = 01A6CB2DC67E42DEAF45BF78 /* Project object */;
}
